
Microsoft Visual Studio Solution File, Format Version 12.00
# Visual Studio Version 17
VisualStudioVersion = 17.2.32630.192
MinimumVisualStudioVersion = 10.0.40219.1
Project("{2150E333-8FDC-42A3-9474-1A3956D46DE8}") = "Tests", "Tests", "{4B80D81F-FBB7-4568-A777-5E317B4B179E}"
EndProject
Project("{9A19103F-16F7-4668-BE54-9A1E7A4F7556}") = "RequestResponseHandlerTest", "src\Tests\RequestResponseHandlerTest\RequestResponseHandlerTest.csproj", "{57E9698C-32EA-4D41-9BF7-315FD2486789}"
EndProject
Project("{9A19103F-16F7-4668-BE54-9A1E7A4F7556}") = "RequestResponseHandler", "src\RequestResponseHandler\RequestResponseHandler.csproj", "{9DF11805-55E8-4876-92A2-BAE0DC8E4AC1}"
EndProject
Project("{9A19103F-16F7-4668-BE54-9A1E7A4F7556}") = "RequestHandlerTestObjects", "src\Tests\RequestHandlerTestObjects\RequestHandlerTestObjects.csproj", "{3C662A50-0CB0-440E-9451-895E86E91FF8}"
EndProject
Global
	GlobalSection(SolutionConfigurationPlatforms) = preSolution
		Debug|x64 = Debug|x64
		Release|x64 = Release|x64
	EndGlobalSection
	GlobalSection(ProjectConfigurationPlatforms) = postSolution
		{57E9698C-32EA-4D41-9BF7-315FD2486789}.Debug|x64.ActiveCfg = Debug|x64
		{57E9698C-32EA-4D41-9BF7-315FD2486789}.Debug|x64.Build.0 = Debug|x64
		{57E9698C-32EA-4D41-9BF7-315FD2486789}.Release|x64.ActiveCfg = Release|x64
		{57E9698C-32EA-4D41-9BF7-315FD2486789}.Release|x64.Build.0 = Release|x64
		{9DF11805-55E8-4876-92A2-BAE0DC8E4AC1}.Debug|x64.ActiveCfg = Debug|x64
		{9DF11805-55E8-4876-92A2-BAE0DC8E4AC1}.Debug|x64.Build.0 = Debug|x64
		{9DF11805-55E8-4876-92A2-BAE0DC8E4AC1}.Release|x64.ActiveCfg = Release|x64
		{9DF11805-55E8-4876-92A2-BAE0DC8E4AC1}.Release|x64.Build.0 = Release|x64
		{3C662A50-0CB0-440E-9451-895E86E91FF8}.Debug|x64.ActiveCfg = Debug|x64
		{3C662A50-0CB0-440E-9451-895E86E91FF8}.Debug|x64.Build.0 = Debug|x64
		{3C662A50-0CB0-440E-9451-895E86E91FF8}.Release|x64.ActiveCfg = Release|x64
		{3C662A50-0CB0-440E-9451-895E86E91FF8}.Release|x64.Build.0 = Release|x64
	EndGlobalSection
	GlobalSection(SolutionProperties) = preSolution
		HideSolutionNode = FALSE
	EndGlobalSection
	GlobalSection(NestedProjects) = preSolution
		{57E9698C-32EA-4D41-9BF7-315FD2486789} = {4B80D81F-FBB7-4568-A777-5E317B4B179E}
		{3C662A50-0CB0-440E-9451-895E86E91FF8} = {4B80D81F-FBB7-4568-A777-5E317B4B179E}
	EndGlobalSection
	GlobalSection(ExtensibilityGlobals) = postSolution
		SolutionGuid = {C4649D5C-EE90-4377-8D7C-ABDC29DCDBE0}
	EndGlobalSection
EndGlobal
